
Microsoft Visual Studio Solution File, Format Version 12.00
# Visual Studio 15
VisualStudioVersion = 15.0.27004.2009
MinimumVisualStudioVersion = 10.0.40219.1
Project("{FAE04EC0-301F-11D3-BF4B-00C04F79EFBC}") = "Elm.Html", "Elm.Html\Elm.Html.csproj", "{183106F2-B26B-4EC1-A05C-79F41B3D941B}"
EndProject
Global
	GlobalSection(SolutionConfigurationPlatforms) = preSolution
		Debug|Any CPU = Debug|Any CPU
		Release|Any CPU = Release|Any CPU
	EndGlobalSection
	GlobalSection(ProjectConfigurationPlatforms) = postSolution
		{183106F2-B26B-4EC1-A05C-79F41B3D941B}.Debug|Any CPU.ActiveCfg = Debug|Any CPU
		{183106F2-B26B-4EC1-A05C-79F41B3D941B}.Debug|Any CPU.Build.0 = Debug|Any CPU
		{183106F2-B26B-4EC1-A05C-79F41B3D941B}.Release|Any CPU.ActiveCfg = Release|Any CPU
		{183106F2-B26B-4EC1-A05C-79F41B3D941B}.Release|Any CPU.Build.0 = Release|Any CPU
	EndGlobalSection
	GlobalSection(SolutionProperties) = preSolution
		HideSolutionNode = FALSE
	EndGlobalSection
	GlobalSection(ExtensibilityGlobals) = postSolution
		SolutionGuid = {6F00D813-22D3-41D5-85F8-A7EAB68B0ABE}
	EndGlobalSection
EndGlobal
